
Microsoft Visual Studio Solution File, Format Version 12.00
# Visual Studio Version 17
VisualStudioVersion = 17.9.34622.214
MinimumVisualStudioVersion = 10.0.40219.1
Project("{2150E333-8FDC-42A3-9474-1A3956D46DE8}") = "services", "services", "{873FA1BC-66B4-4ABE-A9BD-55B20B9DDC74}"
EndProject
Project("{2150E333-8FDC-42A3-9474-1A3956D46DE8}") = "gateway", "gateway", "{796B39DC-96C7-4503-BE04-6A1003B620A4}"
EndProject
Project("{9A19103F-16F7-4668-BE54-9A1E7A4F7556}") = "ArchiveMicroservice.API", "ArchiveWebAPI\ArchiveMicroservice.API.csproj", "{61142DD1-144F-494D-8D35-26352B74A40F}"
EndProject
Project("{9A19103F-16F7-4668-BE54-9A1E7A4F7556}") = "NewsMicroservice.API", "NewsWebAPI\NewsMicroservice.API.csproj", "{4012C240-4AD4-4B92-AD14-BF4F6D6CF8B3}"
EndProject
Project("{9A19103F-16F7-4668-BE54-9A1E7A4F7556}") = "NotificationMicroservice.API", "NotificationsWebAPI\NotificationMicroservice.API.csproj", "{39D30814-0E77-413E-ADB5-1B1BEB0F1FF5}"
EndProject
Project("{9A19103F-16F7-4668-BE54-9A1E7A4F7556}") = "StatementMicroservice.API", "StatementWebAPI\StatementMicroservice.API.csproj", "{F4425EF1-4A2F-42BF-9505-8E2BE956182E}"
EndProject
Project("{9A19103F-16F7-4668-BE54-9A1E7A4F7556}") = "UserMicroservice.API", "UserWebAPI\UserMicroservice.API.csproj", "{C0360E43-487A-48BF-AA40-C6E1ACBA3045}"
EndProject
Project("{9A19103F-16F7-4668-BE54-9A1E7A4F7556}") = "GatewayAPI", "GatewayAPI\GatewayAPI.csproj", "{C4C6EFE1-D3BC-4E98-9EF3-FCDD94461538}"
EndProject
Project("{E53339B2-1760-4266-BCC7-CA923CBCF16C}") = "docker-compose", "docker-compose.dcproj", "{DB7B3E59-C258-425B-A585-B8FB528A1E77}"
EndProject
Project("{2150E333-8FDC-42A3-9474-1A3956D46DE8}") = "tests", "tests", "{3837E5C9-A431-4B0C-943D-5870809272B3}"
EndProject
Project("{9A19103F-16F7-4668-BE54-9A1E7A4F7556}") = "Shared", "Shared\Shared.csproj", "{90DDDF35-0B49-480C-A447-6596EF109B36}"
EndProject
Project("{9A19103F-16F7-4668-BE54-9A1E7A4F7556}") = "UserWebAPI.Tests", "tests\UserWebAPI.Tests\UserWebAPI.Tests.csproj", "{002EF83C-9B10-4749-8AB5-3D782F01DA57}"
EndProject
Project("{9A19103F-16F7-4668-BE54-9A1E7A4F7556}") = "StatementWebAPI.Tests", "tests\StatementWebAPI.Tests\StatementWebAPI.Tests.csproj", "{4ABDF992-493A-422D-8CC0-86B82915764C}"
EndProject
Project("{9A19103F-16F7-4668-BE54-9A1E7A4F7556}") = "NewsWebAPI.Tests", "tests\NewsWebAPI.Tests\NewsWebAPI.Tests.csproj", "{B6764445-0FE4-49CD-883D-3C1B0F80D7C6}"
EndProject
Project("{9A19103F-16F7-4668-BE54-9A1E7A4F7556}") = "ArchiveWebAPI.Tests", "tests\ArchiveWebAPI.Tests\ArchiveWebAPI.Tests.csproj", "{F4CAD072-8227-4765-A448-A9CE954F93CB}"
EndProject
Project("{9A19103F-16F7-4668-BE54-9A1E7A4F7556}") = "SharedTests", "tests\Shared\SharedTests.csproj", "{9EB65A16-0C3D-4EE6-BC48-62658622A128}"
EndProject
Project("{2150E333-8FDC-42A3-9474-1A3956D46DE8}") = "UserMicroservice", "UserMicroservice", "{18F52038-3BC7-4D21-8604-26BFF2F12C54}"
EndProject
Project("{2150E333-8FDC-42A3-9474-1A3956D46DE8}") = "NewsMicroservice", "NewsMicroservice", "{288EBAF0-970E-481B-AFAB-FFF6DBE60385}"
EndProject
Project("{2150E333-8FDC-42A3-9474-1A3956D46DE8}") = "ArchiveMicroservice", "ArchiveMicroservice", "{D7F92309-B870-49D5-B77D-7E48A50551A8}"
EndProject
Project("{2150E333-8FDC-42A3-9474-1A3956D46DE8}") = "StatementMicroservice", "StatementMicroservice", "{7C7149A8-EA60-4932-8559-30056BACABA8}"
EndProject
Project("{2150E333-8FDC-42A3-9474-1A3956D46DE8}") = "NotificationMicroservice", "NotificationMicroservice", "{3837A05F-146B-43EE-BC4C-2C538B04AA09}"
EndProject
Project("{9A19103F-16F7-4668-BE54-9A1E7A4F7556}") = "UserMicroservice.Application", "UserMicroservice.Application\UserMicroservice.Application.csproj", "{1B179BE0-31DB-4BFB-A37A-0559BCD8DDF8}"
EndProject
Project("{9A19103F-16F7-4668-BE54-9A1E7A4F7556}") = "UserMicroservice.Infrastructure", "UserMicroservice.Infrastructure\UserMicroservice.Infrastructure.csproj", "{951F0A76-DEF4-4CAD-B1D6-A145D9B69D54}"
EndProject
Project("{9A19103F-16F7-4668-BE54-9A1E7A4F7556}") = "StatementMicroservice.Application", "StatementMicroservice.Application\StatementMicroservice.Application.csproj", "{B3784BD2-3E15-44B7-AC29-30EB2C824667}"
EndProject
Project("{9A19103F-16F7-4668-BE54-9A1E7A4F7556}") = "StatementMicroservice.Infrastrucrure", "StatementMicroservice.Infrastrucrure\StatementMicroservice.Infrastrucrure.csproj", "{E0EE103F-AFC9-488E-868B-BD463497FE92}"
EndProject
Project("{9A19103F-16F7-4668-BE54-9A1E7A4F7556}") = "NewsMicroservice.Application", "NewsMicroservice.Application\NewsMicroservice.Application.csproj", "{43E6CD73-7E31-496B-A681-AC20C1666F5A}"
EndProject
Project("{9A19103F-16F7-4668-BE54-9A1E7A4F7556}") = "NewsMicroservice.Infrastructure", "NewsMicroservice.Infrastructure\NewsMicroservice.Infrastructure.csproj", "{847394C2-3826-4779-BB87-0DBD5D9696A0}"
EndProject
Project("{9A19103F-16F7-4668-BE54-9A1E7A4F7556}") = "ArchiveMicroservice.Application", "ArchiveMicroservice.Application\ArchiveMicroservice.Application.csproj", "{738C504F-3F7D-4CA3-9187-0E32714E0023}"
EndProject
Project("{9A19103F-16F7-4668-BE54-9A1E7A4F7556}") = "ArchiveMicroservice.Infrastructure", "ArchiveMicroservice.Infrastructure\ArchiveMicroservice.Infrastructure.csproj", "{43525E68-B4E4-4C04-8A5B-61E8FAA6590A}"
EndProject
Project("{9A19103F-16F7-4668-BE54-9A1E7A4F7556}") = "UserMicroservice.Domain", "UserMicroservice.Domain\UserMicroservice.Domain.csproj", "{67E6AAD3-37D9-4136-8F36-2006A80AA617}"
EndProject
Project("{9A19103F-16F7-4668-BE54-9A1E7A4F7556}") = "StatementMicroservice.Domain", "StatementMicroservice.Domain\StatementMicroservice.Domain.csproj", "{CA931864-E34C-45EC-AFBD-47E6899C0273}"
EndProject
Project("{FAE04EC0-301F-11D3-BF4B-00C04F79EFBC}") = "NotificationMicroservice.Application", "NotificationMicroservice.Application\NotificationMicroservice.Application.csproj", "{51D28F7C-8212-49ED-9CF7-2CD5A26B17A3}"
EndProject
Project("{FAE04EC0-301F-11D3-BF4B-00C04F79EFBC}") = "NotificationMicroservice.Infrastructure", "NotificationMicroservice.Infrastructure\NotificationMicroservice.Infrastructure.csproj", "{29447515-B9B8-497C-9810-D359E8C3750C}"
EndProject
Project("{FAE04EC0-301F-11D3-BF4B-00C04F79EFBC}") = "ArchiveMicroservice.Domain", "ArchiveMicroservice.Domain\ArchiveMicroservice.Domain.csproj", "{30DD9DD1-4473-4E55-A9B3-C219A575B02A}"
EndProject
Project("{FAE04EC0-301F-11D3-BF4B-00C04F79EFBC}") = "NewsMicroservice.Domain", "NewsMicroservice.Domain\NewsMicroservice.Domain.csproj", "{7302D481-36F1-4B9A-A621-1136C2E29617}"
EndProject
Global
	GlobalSection(SolutionConfigurationPlatforms) = preSolution
		Debug|Any CPU = Debug|Any CPU
		Release|Any CPU = Release|Any CPU
	EndGlobalSection
	GlobalSection(ProjectConfigurationPlatforms) = postSolution
		{61142DD1-144F-494D-8D35-26352B74A40F}.Debug|Any CPU.ActiveCfg = Debug|Any CPU
		{61142DD1-144F-494D-8D35-26352B74A40F}.Debug|Any CPU.Build.0 = Debug|Any CPU
		{61142DD1-144F-494D-8D35-26352B74A40F}.Release|Any CPU.ActiveCfg = Release|Any CPU
		{61142DD1-144F-494D-8D35-26352B74A40F}.Release|Any CPU.Build.0 = Release|Any CPU
		{4012C240-4AD4-4B92-AD14-BF4F6D6CF8B3}.Debug|Any CPU.ActiveCfg = Debug|Any CPU
		{4012C240-4AD4-4B92-AD14-BF4F6D6CF8B3}.Debug|Any CPU.Build.0 = Debug|Any CPU
		{4012C240-4AD4-4B92-AD14-BF4F6D6CF8B3}.Release|Any CPU.ActiveCfg = Release|Any CPU
		{4012C240-4AD4-4B92-AD14-BF4F6D6CF8B3}.Release|Any CPU.Build.0 = Release|Any CPU
		{39D30814-0E77-413E-ADB5-1B1BEB0F1FF5}.Debug|Any CPU.ActiveCfg = Debug|Any CPU
		{39D30814-0E77-413E-ADB5-1B1BEB0F1FF5}.Debug|Any CPU.Build.0 = Debug|Any CPU
		{39D30814-0E77-413E-ADB5-1B1BEB0F1FF5}.Release|Any CPU.ActiveCfg = Release|Any CPU
		{39D30814-0E77-413E-ADB5-1B1BEB0F1FF5}.Release|Any CPU.Build.0 = Release|Any CPU
		{F4425EF1-4A2F-42BF-9505-8E2BE956182E}.Debug|Any CPU.ActiveCfg = Debug|Any CPU
		{F4425EF1-4A2F-42BF-9505-8E2BE956182E}.Debug|Any CPU.Build.0 = Debug|Any CPU
		{F4425EF1-4A2F-42BF-9505-8E2BE956182E}.Release|Any CPU.ActiveCfg = Release|Any CPU
		{F4425EF1-4A2F-42BF-9505-8E2BE956182E}.Release|Any CPU.Build.0 = Release|Any CPU
		{C0360E43-487A-48BF-AA40-C6E1ACBA3045}.Debug|Any CPU.ActiveCfg = Debug|Any CPU
		{C0360E43-487A-48BF-AA40-C6E1ACBA3045}.Debug|Any CPU.Build.0 = Debug|Any CPU
		{C0360E43-487A-48BF-AA40-C6E1ACBA3045}.Release|Any CPU.ActiveCfg = Release|Any CPU
		{C0360E43-487A-48BF-AA40-C6E1ACBA3045}.Release|Any CPU.Build.0 = Release|Any CPU
		{C4C6EFE1-D3BC-4E98-9EF3-FCDD94461538}.Debug|Any CPU.ActiveCfg = Debug|Any CPU
		{C4C6EFE1-D3BC-4E98-9EF3-FCDD94461538}.Debug|Any CPU.Build.0 = Debug|Any CPU
		{C4C6EFE1-D3BC-4E98-9EF3-FCDD94461538}.Release|Any CPU.ActiveCfg = Release|Any CPU
		{C4C6EFE1-D3BC-4E98-9EF3-FCDD94461538}.Release|Any CPU.Build.0 = Release|Any CPU
		{DB7B3E59-C258-425B-A585-B8FB528A1E77}.Debug|Any CPU.ActiveCfg = Debug|Any CPU
		{DB7B3E59-C258-425B-A585-B8FB528A1E77}.Debug|Any CPU.Build.0 = Debug|Any CPU
		{DB7B3E59-C258-425B-A585-B8FB528A1E77}.Release|Any CPU.ActiveCfg = Release|Any CPU
		{DB7B3E59-C258-425B-A585-B8FB528A1E77}.Release|Any CPU.Build.0 = Release|Any CPU
		{90DDDF35-0B49-480C-A447-6596EF109B36}.Debug|Any CPU.ActiveCfg = Debug|Any CPU
		{90DDDF35-0B49-480C-A447-6596EF109B36}.Debug|Any CPU.Build.0 = Debug|Any CPU
		{90DDDF35-0B49-480C-A447-6596EF109B36}.Release|Any CPU.ActiveCfg = Release|Any CPU
		{90DDDF35-0B49-480C-A447-6596EF109B36}.Release|Any CPU.Build.0 = Release|Any CPU
		{002EF83C-9B10-4749-8AB5-3D782F01DA57}.Debug|Any CPU.ActiveCfg = Debug|Any CPU
		{002EF83C-9B10-4749-8AB5-3D782F01DA57}.Debug|Any CPU.Build.0 = Debug|Any CPU
		{002EF83C-9B10-4749-8AB5-3D782F01DA57}.Release|Any CPU.ActiveCfg = Release|Any CPU
		{002EF83C-9B10-4749-8AB5-3D782F01DA57}.Release|Any CPU.Build.0 = Release|Any CPU
		{4ABDF992-493A-422D-8CC0-86B82915764C}.Debug|Any CPU.ActiveCfg = Debug|Any CPU
		{4ABDF992-493A-422D-8CC0-86B82915764C}.Debug|Any CPU.Build.0 = Debug|Any CPU
		{4ABDF992-493A-422D-8CC0-86B82915764C}.Release|Any CPU.ActiveCfg = Release|Any CPU
		{4ABDF992-493A-422D-8CC0-86B82915764C}.Release|Any CPU.Build.0 = Release|Any CPU
		{B6764445-0FE4-49CD-883D-3C1B0F80D7C6}.Debug|Any CPU.ActiveCfg = Debug|Any CPU
		{B6764445-0FE4-49CD-883D-3C1B0F80D7C6}.Debug|Any CPU.Build.0 = Debug|Any CPU
		{B6764445-0FE4-49CD-883D-3C1B0F80D7C6}.Release|Any CPU.ActiveCfg = Release|Any CPU
		{B6764445-0FE4-49CD-883D-3C1B0F80D7C6}.Release|Any CPU.Build.0 = Release|Any CPU
		{F4CAD072-8227-4765-A448-A9CE954F93CB}.Debug|Any CPU.ActiveCfg = Debug|Any CPU
		{F4CAD072-8227-4765-A448-A9CE954F93CB}.Debug|Any CPU.Build.0 = Debug|Any CPU
		{F4CAD072-8227-4765-A448-A9CE954F93CB}.Release|Any CPU.ActiveCfg = Release|Any CPU
		{F4CAD072-8227-4765-A448-A9CE954F93CB}.Release|Any CPU.Build.0 = Release|Any CPU
		{9EB65A16-0C3D-4EE6-BC48-62658622A128}.Debug|Any CPU.ActiveCfg = Debug|Any CPU
		{9EB65A16-0C3D-4EE6-BC48-62658622A128}.Debug|Any CPU.Build.0 = Debug|Any CPU
		{9EB65A16-0C3D-4EE6-BC48-62658622A128}.Release|Any CPU.ActiveCfg = Release|Any CPU
		{9EB65A16-0C3D-4EE6-BC48-62658622A128}.Release|Any CPU.Build.0 = Release|Any CPU
		{1B179BE0-31DB-4BFB-A37A-0559BCD8DDF8}.Debug|Any CPU.ActiveCfg = Debug|Any CPU
		{1B179BE0-31DB-4BFB-A37A-0559BCD8DDF8}.Debug|Any CPU.Build.0 = Debug|Any CPU
		{1B179BE0-31DB-4BFB-A37A-0559BCD8DDF8}.Release|Any CPU.ActiveCfg = Release|Any CPU
		{1B179BE0-31DB-4BFB-A37A-0559BCD8DDF8}.Release|Any CPU.Build.0 = Release|Any CPU
		{951F0A76-DEF4-4CAD-B1D6-A145D9B69D54}.Debug|Any CPU.ActiveCfg = Debug|Any CPU
		{951F0A76-DEF4-4CAD-B1D6-A145D9B69D54}.Debug|Any CPU.Build.0 = Debug|Any CPU
		{951F0A76-DEF4-4CAD-B1D6-A145D9B69D54}.Release|Any CPU.ActiveCfg = Release|Any CPU
		{951F0A76-DEF4-4CAD-B1D6-A145D9B69D54}.Release|Any CPU.Build.0 = Release|Any CPU
		{B3784BD2-3E15-44B7-AC29-30EB2C824667}.Debug|Any CPU.ActiveCfg = Debug|Any CPU
		{B3784BD2-3E15-44B7-AC29-30EB2C824667}.Debug|Any CPU.Build.0 = Debug|Any CPU
		{B3784BD2-3E15-44B7-AC29-30EB2C824667}.Release|Any CPU.ActiveCfg = Release|Any CPU
		{B3784BD2-3E15-44B7-AC29-30EB2C824667}.Release|Any CPU.Build.0 = Release|Any CPU
		{E0EE103F-AFC9-488E-868B-BD463497FE92}.Debug|Any CPU.ActiveCfg = Debug|Any CPU
		{E0EE103F-AFC9-488E-868B-BD463497FE92}.Debug|Any CPU.Build.0 = Debug|Any CPU
		{E0EE103F-AFC9-488E-868B-BD463497FE92}.Release|Any CPU.ActiveCfg = Release|Any CPU
		{E0EE103F-AFC9-488E-868B-BD463497FE92}.Release|Any CPU.Build.0 = Release|Any CPU
		{43E6CD73-7E31-496B-A681-AC20C1666F5A}.Debug|Any CPU.ActiveCfg = Debug|Any CPU
		{43E6CD73-7E31-496B-A681-AC20C1666F5A}.Debug|Any CPU.Build.0 = Debug|Any CPU
		{43E6CD73-7E31-496B-A681-AC20C1666F5A}.Release|Any CPU.ActiveCfg = Release|Any CPU
		{43E6CD73-7E31-496B-A681-AC20C1666F5A}.Release|Any CPU.Build.0 = Release|Any CPU
		{847394C2-3826-4779-BB87-0DBD5D9696A0}.Debug|Any CPU.ActiveCfg = Debug|Any CPU
		{847394C2-3826-4779-BB87-0DBD5D9696A0}.Debug|Any CPU.Build.0 = Debug|Any CPU
		{847394C2-3826-4779-BB87-0DBD5D9696A0}.Release|Any CPU.ActiveCfg = Release|Any CPU
		{847394C2-3826-4779-BB87-0DBD5D9696A0}.Release|Any CPU.Build.0 = Release|Any CPU
		{738C504F-3F7D-4CA3-9187-0E32714E0023}.Debug|Any CPU.ActiveCfg = Debug|Any CPU
		{738C504F-3F7D-4CA3-9187-0E32714E0023}.Debug|Any CPU.Build.0 = Debug|Any CPU
		{738C504F-3F7D-4CA3-9187-0E32714E0023}.Release|Any CPU.ActiveCfg = Release|Any CPU
		{738C504F-3F7D-4CA3-9187-0E32714E0023}.Release|Any CPU.Build.0 = Release|Any CPU
		{43525E68-B4E4-4C04-8A5B-61E8FAA6590A}.Debug|Any CPU.ActiveCfg = Debug|Any CPU
		{43525E68-B4E4-4C04-8A5B-61E8FAA6590A}.Debug|Any CPU.Build.0 = Debug|Any CPU
		{43525E68-B4E4-4C04-8A5B-61E8FAA6590A}.Release|Any CPU.ActiveCfg = Release|Any CPU
		{43525E68-B4E4-4C04-8A5B-61E8FAA6590A}.Release|Any CPU.Build.0 = Release|Any CPU
		{67E6AAD3-37D9-4136-8F36-2006A80AA617}.Debug|Any CPU.ActiveCfg = Debug|Any CPU
		{67E6AAD3-37D9-4136-8F36-2006A80AA617}.Debug|Any CPU.Build.0 = Debug|Any CPU
		{67E6AAD3-37D9-4136-8F36-2006A80AA617}.Release|Any CPU.ActiveCfg = Release|Any CPU
		{67E6AAD3-37D9-4136-8F36-2006A80AA617}.Release|Any CPU.Build.0 = Release|Any CPU
		{CA931864-E34C-45EC-AFBD-47E6899C0273}.Debug|Any CPU.ActiveCfg = Debug|Any CPU
		{CA931864-E34C-45EC-AFBD-47E6899C0273}.Debug|Any CPU.Build.0 = Debug|Any CPU
		{CA931864-E34C-45EC-AFBD-47E6899C0273}.Release|Any CPU.ActiveCfg = Release|Any CPU
		{CA931864-E34C-45EC-AFBD-47E6899C0273}.Release|Any CPU.Build.0 = Release|Any CPU
		{51D28F7C-8212-49ED-9CF7-2CD5A26B17A3}.Debug|Any CPU.ActiveCfg = Debug|Any CPU
		{51D28F7C-8212-49ED-9CF7-2CD5A26B17A3}.Debug|Any CPU.Build.0 = Debug|Any CPU
		{51D28F7C-8212-49ED-9CF7-2CD5A26B17A3}.Release|Any CPU.ActiveCfg = Release|Any CPU
		{51D28F7C-8212-49ED-9CF7-2CD5A26B17A3}.Release|Any CPU.Build.0 = Release|Any CPU
		{29447515-B9B8-497C-9810-D359E8C3750C}.Debug|Any CPU.ActiveCfg = Debug|Any CPU
		{29447515-B9B8-497C-9810-D359E8C3750C}.Debug|Any CPU.Build.0 = Debug|Any CPU
		{29447515-B9B8-497C-9810-D359E8C3750C}.Release|Any CPU.ActiveCfg = Release|Any CPU
		{29447515-B9B8-497C-9810-D359E8C3750C}.Release|Any CPU.Build.0 = Release|Any CPU
		{30DD9DD1-4473-4E55-A9B3-C219A575B02A}.Debug|Any CPU.ActiveCfg = Debug|Any CPU
		{30DD9DD1-4473-4E55-A9B3-C219A575B02A}.Debug|Any CPU.Build.0 = Debug|Any CPU
		{30DD9DD1-4473-4E55-A9B3-C219A575B02A}.Release|Any CPU.ActiveCfg = Release|Any CPU
		{30DD9DD1-4473-4E55-A9B3-C219A575B02A}.Release|Any CPU.Build.0 = Release|Any CPU
		{7302D481-36F1-4B9A-A621-1136C2E29617}.Debug|Any CPU.ActiveCfg = Debug|Any CPU
		{7302D481-36F1-4B9A-A621-1136C2E29617}.Debug|Any CPU.Build.0 = Debug|Any CPU
		{7302D481-36F1-4B9A-A621-1136C2E29617}.Release|Any CPU.ActiveCfg = Release|Any CPU
		{7302D481-36F1-4B9A-A621-1136C2E29617}.Release|Any CPU.Build.0 = Release|Any CPU
	EndGlobalSection
	GlobalSection(SolutionProperties) = preSolution
		HideSolutionNode = FALSE
	EndGlobalSection
	GlobalSection(NestedProjects) = preSolution
		{61142DD1-144F-494D-8D35-26352B74A40F} = {D7F92309-B870-49D5-B77D-7E48A50551A8}
		{4012C240-4AD4-4B92-AD14-BF4F6D6CF8B3} = {288EBAF0-970E-481B-AFAB-FFF6DBE60385}
		{39D30814-0E77-413E-ADB5-1B1BEB0F1FF5} = {3837A05F-146B-43EE-BC4C-2C538B04AA09}
		{F4425EF1-4A2F-42BF-9505-8E2BE956182E} = {7C7149A8-EA60-4932-8559-30056BACABA8}
		{C0360E43-487A-48BF-AA40-C6E1ACBA3045} = {18F52038-3BC7-4D21-8604-26BFF2F12C54}
		{C4C6EFE1-D3BC-4E98-9EF3-FCDD94461538} = {796B39DC-96C7-4503-BE04-6A1003B620A4}
		{90DDDF35-0B49-480C-A447-6596EF109B36} = {873FA1BC-66B4-4ABE-A9BD-55B20B9DDC74}
		{002EF83C-9B10-4749-8AB5-3D782F01DA57} = {3837E5C9-A431-4B0C-943D-5870809272B3}
		{4ABDF992-493A-422D-8CC0-86B82915764C} = {3837E5C9-A431-4B0C-943D-5870809272B3}
		{B6764445-0FE4-49CD-883D-3C1B0F80D7C6} = {3837E5C9-A431-4B0C-943D-5870809272B3}
		{F4CAD072-8227-4765-A448-A9CE954F93CB} = {3837E5C9-A431-4B0C-943D-5870809272B3}
		{9EB65A16-0C3D-4EE6-BC48-62658622A128} = {3837E5C9-A431-4B0C-943D-5870809272B3}
		{18F52038-3BC7-4D21-8604-26BFF2F12C54} = {873FA1BC-66B4-4ABE-A9BD-55B20B9DDC74}
		{288EBAF0-970E-481B-AFAB-FFF6DBE60385} = {873FA1BC-66B4-4ABE-A9BD-55B20B9DDC74}
		{D7F92309-B870-49D5-B77D-7E48A50551A8} = {873FA1BC-66B4-4ABE-A9BD-55B20B9DDC74}
		{7C7149A8-EA60-4932-8559-30056BACABA8} = {873FA1BC-66B4-4ABE-A9BD-55B20B9DDC74}
		{3837A05F-146B-43EE-BC4C-2C538B04AA09} = {873FA1BC-66B4-4ABE-A9BD-55B20B9DDC74}
		{1B179BE0-31DB-4BFB-A37A-0559BCD8DDF8} = {18F52038-3BC7-4D21-8604-26BFF2F12C54}
		{951F0A76-DEF4-4CAD-B1D6-A145D9B69D54} = {18F52038-3BC7-4D21-8604-26BFF2F12C54}
		{B3784BD2-3E15-44B7-AC29-30EB2C824667} = {7C7149A8-EA60-4932-8559-30056BACABA8}
		{E0EE103F-AFC9-488E-868B-BD463497FE92} = {7C7149A8-EA60-4932-8559-30056BACABA8}
		{43E6CD73-7E31-496B-A681-AC20C1666F5A} = {288EBAF0-970E-481B-AFAB-FFF6DBE60385}
		{847394C2-3826-4779-BB87-0DBD5D9696A0} = {288EBAF0-970E-481B-AFAB-FFF6DBE60385}
		{738C504F-3F7D-4CA3-9187-0E32714E0023} = {D7F92309-B870-49D5-B77D-7E48A50551A8}
		{43525E68-B4E4-4C04-8A5B-61E8FAA6590A} = {D7F92309-B870-49D5-B77D-7E48A50551A8}
		{67E6AAD3-37D9-4136-8F36-2006A80AA617} = {18F52038-3BC7-4D21-8604-26BFF2F12C54}
		{CA931864-E34C-45EC-AFBD-47E6899C0273} = {7C7149A8-EA60-4932-8559-30056BACABA8}
		{51D28F7C-8212-49ED-9CF7-2CD5A26B17A3} = {3837A05F-146B-43EE-BC4C-2C538B04AA09}
		{29447515-B9B8-497C-9810-D359E8C3750C} = {3837A05F-146B-43EE-BC4C-2C538B04AA09}
		{30DD9DD1-4473-4E55-A9B3-C219A575B02A} = {D7F92309-B870-49D5-B77D-7E48A50551A8}
		{7302D481-36F1-4B9A-A621-1136C2E29617} = {288EBAF0-970E-481B-AFAB-FFF6DBE60385}
	EndGlobalSection
	GlobalSection(ExtensibilityGlobals) = postSolution
		SolutionGuid = {4BD84873-F17E-4D16-8FC3-6E894E2FEDDA}
	EndGlobalSection
EndGlobal
